
Microsoft Visual Studio Solution File, Format Version 12.00
# Visual Studio Version 17
VisualStudioVersion = 17.14.36221.1 d17.14
MinimumVisualStudioVersion = 10.0.40219.1
Project("{FAE04EC0-301F-11D3-BF4B-00C04F79EFBC}") = "tutorial 1", "tutorial 1.csproj", "{6CF87A58-9BAF-4087-90DD-51EC98931759}"
EndProject
Global
	GlobalSection(SolutionConfigurationPlatforms) = preSolution
		Debug|Any CPU = Debug|Any CPU
		Release|Any CPU = Release|Any CPU
	EndGlobalSection
	GlobalSection(ProjectConfigurationPlatforms) = postSolution
		{6CF87A58-9BAF-4087-90DD-51EC98931759}.Debug|Any CPU.ActiveCfg = Debug|Any CPU
		{6CF87A58-9BAF-4087-90DD-51EC98931759}.Debug|Any CPU.Build.0 = Debug|Any CPU
		{6CF87A58-9BAF-4087-90DD-51EC98931759}.Release|Any CPU.ActiveCfg = Release|Any CPU
		{6CF87A58-9BAF-4087-90DD-51EC98931759}.Release|Any CPU.Build.0 = Release|Any CPU
	EndGlobalSection
	GlobalSection(SolutionProperties) = preSolution
		HideSolutionNode = FALSE
	EndGlobalSection
	GlobalSection(ExtensibilityGlobals) = postSolution
		SolutionGuid = {EF02B58D-FCF3-457B-94B2-0C378E7493C6}
	EndGlobalSection
EndGlobal
